// !$*UTF8*$!
{
	archiveVersion = 1;
	classes = {
	};
	objectVersion = 55;
	objects = {

/* Begin PBXBuildFile section */
		57F0616927F9DD9E007F76F9 /* Swift_SwiftUI_TestApp.swift in Sources */ = {isa = PBXBuildFile; fileRef = 57F0616827F9DD9E007F76F9 /* Swift_SwiftUI_TestApp.swift */; };
		57F0616B27F9DD9E007F76F9 /* ContentView.swift in Sources */ = {isa = PBXBuildFile; fileRef = 57F0616A27F9DD9E007F76F9 /* ContentView.swift */; };
		57F0616D27F9DD9E007F76F9 /* Assets.xcassets in Resources */ = {isa = PBXBuildFile; fileRef = 57F0616C27F9DD9E007F76F9 /* Assets.xcassets */; };
		57F0617027F9DD9E007F76F9 /* Preview Assets.xcassets in Resources */ = {isa = PBXBuildFile; fileRef = 57F0616F27F9DD9E007F76F9 /* Preview Assets.xcassets */; };
		57F0617A27F9DD9E007F76F9 /* Swift_SwiftUI_TestTests.swift in Sources */ = {isa = PBXBuildFile; fileRef = 57F0617927F9DD9E007F76F9 /* Swift_SwiftUI_TestTests.swift */; };
		57F0618427F9DD9F007F76F9 /* Swift_SwiftUI_TestUITests.swift in Sources */ = {isa = PBXBuildFile; fileRef = 57F0618327F9DD9F007F76F9 /* Swift_SwiftUI_TestUITests.swift */; };
		57F0618627F9DD9F007F76F9 /* Swift_SwiftUI_TestUITestsLaunchTests.swift in Sources */ = {isa = PBXBuildFile; fileRef = 57F0618527F9DD9F007F76F9 /* Swift_SwiftUI_TestUITestsLaunchTests.swift */; };
/* End PBXBuildFile section */

/* Begin PBXContainerItemProxy section */
		57F0617627F9DD9E007F76F9 /* PBXContainerItemProxy */ = {
			isa = PBXContainerItemProxy;
			containerPortal = 57F0615D27F9DD9E007F76F9 /* Project object */;
			proxyType = 1;
			remoteGlobalIDString = 57F0616427F9DD9E007F76F9;
			remoteInfo = "Swift-SwiftUI-Test";
		};
		57F0618027F9DD9F007F76F9 /* PBXContainerItemProxy */ = {
			isa = PBXContainerItemProxy;
			containerPortal = 57F0615D27F9DD9E007F76F9 /* Project object */;
			proxyType = 1;
			remoteGlobalIDString = 57F0616427F9DD9E007F76F9;
			remoteInfo = "Swift-SwiftUI-Test";
		};
/* End PBXContainerItemProxy section */

/* Begin PBXFileReference section */
		57F0616527F9DD9E007F76F9 /* Swift-SwiftUI-Test.app */ = {isa = PBXFileReference; explicitFileType = wrapper.application; includeInIndex = 0; path = "Swift-SwiftUI-Test.app"; sourceTree = BUILT_PRODUCTS_DIR; };
		57F0616827F9DD9E007F76F9 /* Swift_SwiftUI_TestApp.swift */ = {isa = PBXFileReference; lastKnownFileType = sourcecode.swift; path = Swift_SwiftUI_TestApp.swift; sourceTree = "<group>"; };
		57F0616A27F9DD9E007F76F9 /* ContentView.swift */ = {isa = PBXFileReference; lastKnownFileType = sourcecode.swift; path = ContentView.swift; sourceTree = "<group>"; };
		57F0616C27F9DD9E007F76F9 /* Assets.xcassets */ = {isa = PBXFileReference; lastKnownFileType = folder.assetcatalog; path = Assets.xcassets; sourceTree = "<group>"; };
		57F0616F27F9DD9E007F76F9 /* Preview Assets.xcassets */ = {isa = PBXFileReference; lastKnownFileType = folder.assetcatalog; path = "Preview Assets.xcassets"; sourceTree = "<group>"; };
		57F0617527F9DD9E007F76F9 /* Swift-SwiftUI-TestTests.xctest */ = {isa = PBXFileReference; explicitFileType = wrapper.cfbundle; includeInIndex = 0; path = "Swift-SwiftUI-TestTests.xctest"; sourceTree = BUILT_PRODUCTS_DIR; };
		57F0617927F9DD9E007F76F9 /* Swift_SwiftUI_TestTests.swift */ = {isa = PBXFileReference; lastKnownFileType = sourcecode.swift; path = Swift_SwiftUI_TestTests.swift; sourceTree = "<group>"; };
		57F0617F27F9DD9F007F76F9 /* Swift-SwiftUI-TestUITests.xctest */ = {isa = PBXFileReference; explicitFileType = wrapper.cfbundle; includeInIndex = 0; path = "Swift-SwiftUI-TestUITests.xctest"; sourceTree = BUILT_PRODUCTS_DIR; };
		57F0618327F9DD9F007F76F9 /* Swift_SwiftUI_TestUITests.swift */ = {isa = PBXFileReference; lastKnownFileType = sourcecode.swift; path = Swift_SwiftUI_TestUITests.swift; sourceTree = "<group>"; };
		57F0618527F9DD9F007F76F9 /* Swift_SwiftUI_TestUITestsLaunchTests.swift */ = {isa = PBXFileReference; lastKnownFileType = sourcecode.swift; path = Swift_SwiftUI_TestUITestsLaunchTests.swift; sourceTree = "<group>"; };
/* End PBXFileReference section */

/* Begin PBXFrameworksBuildPhase section */
		57F0616227F9DD9E007F76F9 /* Frameworks */ = {
			isa = PBXFrameworksBuildPhase;
			buildActionMask = 2147483647;
			files = (
			);
			runOnlyForDeploymentPostprocessing = 0;
		};
		57F0617227F9DD9E007F76F9 /* Frameworks */ = {
			isa = PBXFrameworksBuildPhase;
			buildActionMask = 2147483647;
			files = (
			);
			runOnlyForDeploymentPostprocessing = 0;
		};
		57F0617C27F9DD9F007F76F9 /* Frameworks */ = {
			isa = PBXFrameworksBuildPhase;
			buildActionMask = 2147483647;
			files = (
			);
			runOnlyForDeploymentPostprocessing = 0;
		};
/* End PBXFrameworksBuildPhase section */

/* Begin PBXGroup section */
		57F0615C27F9DD9E007F76F9 = {
			isa = PBXGroup;
			children = (
				57F0616727F9DD9E007F76F9 /* Swift-SwiftUI-Test */,
				57F0617827F9DD9E007F76F9 /* Swift-SwiftUI-TestTests */,
				57F0618227F9DD9F007F76F9 /* Swift-SwiftUI-TestUITests */,
				57F0616627F9DD9E007F76F9 /* Products */,
			);
			sourceTree = "<group>";
		};
		57F0616627F9DD9E007F76F9 /* Products */ = {
			isa = PBXGroup;
			children = (
				57F0616527F9DD9E007F76F9 /* Swift-SwiftUI-Test.app */,
				57F0617527F9DD9E007F76F9 /* Swift-SwiftUI-TestTests.xctest */,
				57F0617F27F9DD9F007F76F9 /* Swift-SwiftUI-TestUITests.xctest */,
			);
			name = Products;
			sourceTree = "<group>";
		};
		57F0616727F9DD9E007F76F9 /* Swift-SwiftUI-Test */ = {
			isa = PBXGroup;
			children = (
				57F0616827F9DD9E007F76F9 /* Swift_SwiftUI_TestApp.swift */,
				57F0616A27F9DD9E007F76F9 /* ContentView.swift */,
				57F0616C27F9DD9E007F76F9 /* Assets.xcassets */,
				57F0616E27F9DD9E007F76F9 /* Preview Content */,
			);
			path = "Swift-SwiftUI-Test";
			sourceTree = "<group>";
		};
		57F0616E27F9DD9E007F76F9 /* Preview Content */ = {
			isa = PBXGroup;
			children = (
				57F0616F27F9DD9E007F76F9 /* Preview Assets.xcassets */,
			);
			path = "Preview Content";
			sourceTree = "<group>";
		};
		57F0617827F9DD9E007F76F9 /* Swift-SwiftUI-TestTests */ = {
			isa = PBXGroup;
			children = (
				57F0617927F9DD9E007F76F9 /* Swift_SwiftUI_TestTests.swift */,
			);
			path = "Swift-SwiftUI-TestTests";
			sourceTree = "<group>";
		};
		57F0618227F9DD9F007F76F9 /* Swift-SwiftUI-TestUITests */ = {
			isa = PBXGroup;
			children = (
				57F0618327F9DD9F007F76F9 /* Swift_SwiftUI_TestUITests.swift */,
				57F0618527F9DD9F007F76F9 /* Swift_SwiftUI_TestUITestsLaunchTests.swift */,
			);
			path = "Swift-SwiftUI-TestUITests";
			sourceTree = "<group>";
		};
/* End PBXGroup section */

/* Begin PBXNativeTarget section */
		57F0616427F9DD9E007F76F9 /* Swift-SwiftUI-Test */ = {
			isa = PBXNativeTarget;
			buildConfigurationList = 57F0618927F9DD9F007F76F9 /* Build configuration list for PBXNativeTarget "Swift-SwiftUI-Test" */;
			buildPhases = (
				57F0616127F9DD9E007F76F9 /* Sources */,
				57F0616227F9DD9E007F76F9 /* Frameworks */,
				57F0616327F9DD9E007F76F9 /* Resources */,
			);
			buildRules = (
			);
			dependencies = (
			);
			name = "Swift-SwiftUI-Test";
			productName = "Swift-SwiftUI-Test";
			productReference = 57F0616527F9DD9E007F76F9 /* Swift-SwiftUI-Test.app */;
			productType = "com.apple.product-type.application";
		};
		57F0617427F9DD9E007F76F9 /* Swift-SwiftUI-TestTests */ = {
			isa = PBXNativeTarget;
			buildConfigurationList = 57F0618C27F9DD9F007F76F9 /* Build configuration list for PBXNativeTarget "Swift-SwiftUI-TestTests" */;
			buildPhases = (
				57F0617127F9DD9E007F76F9 /* Sources */,
				57F0617227F9DD9E007F76F9 /* Frameworks */,
				57F0617327F9DD9E007F76F9 /* Resources */,
			);
			buildRules = (
			);
			dependencies = (
				57F0617727F9DD9E007F76F9 /* PBXTargetDependency */,
			);
			name = "Swift-SwiftUI-TestTests";
			productName = "Swift-SwiftUI-TestTests";
			productReference = 57F0617527F9DD9E007F76F9 /* Swift-SwiftUI-TestTests.xctest */;
			productType = "com.apple.product-type.bundle.unit-test";
		};
		57F0617E27F9DD9F007F76F9 /* Swift-SwiftUI-TestUITests */ = {
			isa = PBXNativeTarget;
			buildConfigurationList = 57F0618F27F9DD9F007F76F9 /* Build configuration list for PBXNativeTarget "Swift-SwiftUI-TestUITests" */;
			buildPhases = (
				57F0617B27F9DD9F007F76F9 /* Sources */,
				57F0617C27F9DD9F007F76F9 /* Frameworks */,
				57F0617D27F9DD9F007F76F9 /* Resources */,
			);
			buildRules = (
			);
			dependencies = (
				57F0618127F9DD9F007F76F9 /* PBXTargetDependency */,
			);
			name = "Swift-SwiftUI-TestUITests";
			productName = "Swift-SwiftUI-TestUITests";
			productReference = 57F0617F27F9DD9F007F76F9 /* Swift-SwiftUI-TestUITests.xctest */;
			productType = "com.apple.product-type.bundle.ui-testing";
		};
/* End PBXNativeTarget section */

/* Begin PBXProject section */
		57F0615D27F9DD9E007F76F9 /* Project object */ = {
			isa = PBXProject;
			attributes = {
				BuildIndependentTargetsInParallel = 1;
				LastSwiftUpdateCheck = 1330;
				LastUpgradeCheck = 1330;
				TargetAttributes = {
					57F0616427F9DD9E007F76F9 = {
						CreatedOnToolsVersion = 13.3;
					};
					57F0617427F9DD9E007F76F9 = {
						CreatedOnToolsVersion = 13.3;
						TestTargetID = 57F0616427F9DD9E007F76F9;
					};
					57F0617E27F9DD9F007F76F9 = {
						CreatedOnToolsVersion = 13.3;
						TestTargetID = 57F0616427F9DD9E007F76F9;
					};
				};
			};
			buildConfigurationList = 57F0616027F9DD9E007F76F9 /* Build configuration list for PBXProject "Swift-SwiftUI-Test" */;
			compatibilityVersion = "Xcode 13.0";
			developmentRegion = en;
			hasScannedForEncodings = 0;
			knownRegions = (
				en,
				Base,
			);
			mainGroup = 57F0615C27F9DD9E007F76F9;
			productRefGroup = 57F0616627F9DD9E007F76F9 /* Products */;
			projectDirPath = "";
			projectRoot = "";
			targets = (
				57F0616427F9DD9E007F76F9 /* Swift-SwiftUI-Test */,
				57F0617427F9DD9E007F76F9 /* Swift-SwiftUI-TestTests */,
				57F0617E27F9DD9F007F76F9 /* Swift-SwiftUI-TestUITests */,
			);
		};
/* End PBXProject section */

/* Begin PBXResourcesBuildPhase section */
		57F0616327F9DD9E007F76F9 /* Resources */ = {
			isa = PBXResourcesBuildPhase;
			buildActionMask = 2147483647;
			files = (
				57F0617027F9DD9E007F76F9 /* Preview Assets.xcassets in Resources */,
				57F0616D27F9DD9E007F76F9 /* Assets.xcassets in Resources */,
			);
			runOnlyForDeploymentPostprocessing = 0;
		};
		57F0617327F9DD9E007F76F9 /* Resources */ = {
			isa = PBXResourcesBuildPhase;
			buildActionMask = 2147483647;
			files = (
			);
			runOnlyForDeploymentPostprocessing = 0;
		};
		57F0617D27F9DD9F007F76F9 /* Resources */ = {
			isa = PBXResourcesBuildPhase;
			buildActionMask = 2147483647;
			files = (
			);
			runOnlyForDeploymentPostprocessing = 0;
		};
/* End PBXResourcesBuildPhase section */

/* Begin PBXSourcesBuildPhase section */
		57F0616127F9DD9E007F76F9 /* Sources */ = {
			isa = PBXSourcesBuildPhase;
			buildActionMask = 2147483647;
			files = (
				57F0616B27F9DD9E007F76F9 /* ContentView.swift in Sources */,
				57F0616927F9DD9E007F76F9 /* Swift_SwiftUI_TestApp.swift in Sources */,
			);
			runOnlyForDeploymentPostprocessing = 0;
		};
		57F0617127F9DD9E007F76F9 /* Sources */ = {
			isa = PBXSourcesBuildPhase;
			buildActionMask = 2147483647;
			files = (
				57F0617A27F9DD9E007F76F9 /* Swift_SwiftUI_TestTests.swift in Sources */,
			);
			runOnlyForDeploymentPostprocessing = 0;
		};
		57F0617B27F9DD9F007F76F9 /* Sources */ = {
			isa = PBXSourcesBuildPhase;
			buildActionMask = 2147483647;
			files = (
				57F0618627F9DD9F007F76F9 /* Swift_SwiftUI_TestUITestsLaunchTests.swift in Sources */,
				57F0618427F9DD9F007F76F9 /* Swift_SwiftUI_TestUITests.swift in Sources */,
			);
			runOnlyForDeploymentPostprocessing = 0;
		};
/* End PBXSourcesBuildPhase section */

/* Begin PBXTargetDependency section */
		57F0617727F9DD9E007F76F9 /* PBXTargetDependency */ = {
			isa = PBXTargetDependency;
			target = 57F0616427F9DD9E007F76F9 /* Swift-SwiftUI-Test */;
			targetProxy = 57F0617627F9DD9E007F76F9 /* PBXContainerItemProxy */;
		};
		57F0618127F9DD9F007F76F9 /* PBXTargetDependency */ = {
			isa = PBXTargetDependency;
			target = 57F0616427F9DD9E007F76F9 /* Swift-SwiftUI-Test */;
			targetProxy = 57F0618027F9DD9F007F76F9 /* PBXContainerItemProxy */;
		};
/* End PBXTargetDependency section */

/* Begin XCBuildConfiguration section */
		57F0618727F9DD9F007F76F9 /* Debug */ = {
			isa = XCBuildConfiguration;
			buildSettings = {
				ALWAYS_SEARCH_USER_PATHS = NO;
				CLANG_ANALYZER_NONNULL = YES;
				CLANG_ANALYZER_NUMBER_OBJECT_CONVERSION = YES_AGGRESSIVE;
				CLANG_CXX_LANGUAGE_STANDARD = "gnu++17";
				CLANG_ENABLE_MODULES = YES;
				CLANG_ENABLE_OBJC_ARC = YES;
				CLANG_ENABLE_OBJC_WEAK = YES;
				CLANG_WARN_BLOCK_CAPTURE_AUTORELEASING = YES;
				CLANG_WARN_BOOL_CONVERSION = YES;
				CLANG_WARN_COMMA = YES;
				CLANG_WARN_CONSTANT_CONVERSION = YES;
				CLANG_WARN_DEPRECATED_OBJC_IMPLEMENTATIONS = YES;
				CLANG_WARN_DIRECT_OBJC_ISA_USAGE = YES_ERROR;
				CLANG_WARN_DOCUMENTATION_COMMENTS = YES;
				CLANG_WARN_EMPTY_BODY = YES;
				CLANG_WARN_ENUM_CONVERSION = YES;
				CLANG_WARN_INFINITE_RECURSION = YES;
				CLANG_WARN_INT_CONVERSION = YES;
				CLANG_WARN_NON_LITERAL_NULL_CONVERSION = YES;
				CLANG_WARN_OBJC_IMPLICIT_RETAIN_SELF = YES;
				CLANG_WARN_OBJC_LITERAL_CONVERSION = YES;
				CLANG_WARN_OBJC_ROOT_CLASS = YES_ERROR;
				CLANG_WARN_QUOTED_INCLUDE_IN_FRAMEWORK_HEADER = YES;
				CLANG_WARN_RANGE_LOOP_ANALYSIS = YES;
				CLANG_WARN_STRICT_PROTOTYPES = YES;
				CLANG_WARN_SUSPICIOUS_MOVE = YES;
				CLANG_WARN_UNGUARDED_AVAILABILITY = YES_AGGRESSIVE;
				CLANG_WARN_UNREACHABLE_CODE = YES;
				CLANG_WARN__DUPLICATE_METHOD_MATCH = YES;
				COPY_PHASE_STRIP = NO;
				DEBUG_INFORMATION_FORMAT = dwarf;
				ENABLE_STRICT_OBJC_MSGSEND = YES;
				ENABLE_TESTABILITY = YES;
				GCC_C_LANGUAGE_STANDARD = gnu11;
				GCC_DYNAMIC_NO_PIC = NO;
				GCC_NO_COMMON_BLOCKS = YES;
				GCC_OPTIMIZATION_LEVEL = 0;
				GCC_PREPROCESSOR_DEFINITIONS = (
					"DEBUG=1",
					"$(inherited)",
				);
				GCC_WARN_64_TO_32_BIT_CONVERSION = YES;
				GCC_WARN_ABOUT_RETURN_TYPE = YES_ERROR;
				GCC_WARN_UNDECLARED_SELECTOR = YES;
				GCC_WARN_UNINITIALIZED_AUTOS = YES_AGGRESSIVE;
				GCC_WARN_UNUSED_FUNCTION = YES;
				GCC_WARN_UNUSED_VARIABLE = YES;
				IPHONEOS_DEPLOYMENT_TARGET = 15.4;
				MTL_ENABLE_DEBUG_INFO = INCLUDE_SOURCE;
				MTL_FAST_MATH = YES;
				ONLY_ACTIVE_ARCH = YES;
				SDKROOT = iphoneos;
				SWIFT_ACTIVE_COMPILATION_CONDITIONS = DEBUG;
				SWIFT_OPTIMIZATION_LEVEL = "-Onone";
			};
			name = Debug;
		};
		57F0618827F9DD9F007F76F9 /* Release */ = {
			isa = XCBuildConfiguration;
			buildSettings = {
				ALWAYS_SEARCH_USER_PATHS = NO;
				CLANG_ANALYZER_NONNULL = YES;
				CLANG_ANALYZER_NUMBER_OBJECT_CONVERSION = YES_AGGRESSIVE;
				CLANG_CXX_LANGUAGE_STANDARD = "gnu++17";
				CLANG_ENABLE_MODULES = YES;
				CLANG_ENABLE_OBJC_ARC = YES;
				CLANG_ENABLE_OBJC_WEAK = YES;
				CLANG_WARN_BLOCK_CAPTURE_AUTORELEASING = YES;
				CLANG_WARN_BOOL_CONVERSION = YES;
				CLANG_WARN_COMMA = YES;
				CLANG_WARN_CONSTANT_CONVERSION = YES;
				CLANG_WARN_DEPRECATED_OBJC_IMPLEMENTATIONS = YES;
				CLANG_WARN_DIRECT_OBJC_ISA_USAGE = YES_ERROR;
				CLANG_WARN_DOCUMENTATION_COMMENTS = YES;
				CLANG_WARN_EMPTY_BODY = YES;
				CLANG_WARN_ENUM_CONVERSION = YES;
				CLANG_WARN_INFINITE_RECURSION = YES;
				CLANG_WARN_INT_CONVERSION = YES;
				CLANG_WARN_NON_LITERAL_NULL_CONVERSION = YES;
				CLANG_WARN_OBJC_IMPLICIT_RETAIN_SELF = YES;
				CLANG_WARN_OBJC_LITERAL_CONVERSION = YES;
				CLANG_WARN_OBJC_ROOT_CLASS = YES_ERROR;
				CLANG_WARN_QUOTED_INCLUDE_IN_FRAMEWORK_HEADER = YES;
				CLANG_WARN_RANGE_LOOP_ANALYSIS = YES;
				CLANG_WARN_STRICT_PROTOTYPES = YES;
				CLANG_WARN_SUSPICIOUS_MOVE = YES;
				CLANG_WARN_UNGUARDED_AVAILABILITY = YES_AGGRESSIVE;
				CLANG_WARN_UNREACHABLE_CODE = YES;
				CLANG_WARN__DUPLICATE_METHOD_MATCH = YES;
				COPY_PHASE_STRIP = NO;
				DEBUG_INFORMATION_FORMAT = "dwarf-with-dsym";
				ENABLE_NS_ASSERTIONS = NO;
				ENABLE_STRICT_OBJC_MSGSEND = YES;
				GCC_C_LANGUAGE_STANDARD = gnu11;
				GCC_NO_COMMON_BLOCKS = YES;
				GCC_WARN_64_TO_32_BIT_CONVERSION = YES;
				GCC_WARN_ABOUT_RETURN_TYPE = YES_ERROR;
				GCC_WARN_UNDECLARED_SELECTOR = YES;
				GCC_WARN_UNINITIALIZED_AUTOS = YES_AGGRESSIVE;
				GCC_WARN_UNUSED_FUNCTION = YES;
				GCC_WARN_UNUSED_VARIABLE = YES;
				IPHONEOS_DEPLOYMENT_TARGET = 15.4;
				MTL_ENABLE_DEBUG_INFO = NO;
				MTL_FAST_MATH = YES;
				SDKROOT = iphoneos;
				SWIFT_COMPILATION_MODE = wholemodule;
				SWIFT_OPTIMIZATION_LEVEL = "-O";
				VALIDATE_PRODUCT = YES;
			};
			name = Release;
		};
		57F0618A27F9DD9F007F76F9 /* Debug */ = {
			isa = XCBuildConfiguration;
			buildSettings = {
				ASSETCATALOG_COMPILER_APPICON_NAME = AppIcon;
				ASSETCATALOG_COMPILER_GLOBAL_ACCENT_COLOR_NAME = AccentColor;
				CODE_SIGN_STYLE = Automatic;
				CURRENT_PROJECT_VERSION = 1;
				DEVELOPMENT_ASSET_PATHS = "\"Swift-SwiftUI-Test/Preview Content\"";
				DEVELOPMENT_TEAM = Z25H7B85Z8;
				ENABLE_PREVIEWS = YES;
				GENERATE_INFOPLIST_FILE = YES;
				INFOPLIST_KEY_UIApplicationSceneManifest_Generation = YES;
				INFOPLIST_KEY_UIApplicationSupportsIndirectInputEvents = YES;
				INFOPLIST_KEY_UILaunchScreen_Generation = YES;
				INFOPLIST_KEY_UISupportedInterfaceOrientations_iPad = "UIInterfaceOrientationPortrait UIInterfaceOrientationPortraitUpsideDown UIInterfaceOrientationLandscapeLeft UIInterfaceOrientationLandscapeRight";
				INFOPLIST_KEY_UISupportedInterfaceOrientations_iPhone = "UIInterfaceOrientationPortrait UIInterfaceOrientationLandscapeLeft UIInterfaceOrientationLandscapeRight";
				LD_RUNPATH_SEARCH_PATHS = (
					"$(inherited)",
					"@executable_path/Frameworks",
				);
				MARKETING_VERSION = 1.0;
				PRODUCT_BUNDLE_IDENTIFIER = "com.rich.Swift-SwiftUI-Test";
				PRODUCT_NAME = "$(TARGET_NAME)";
				SWIFT_EMIT_LOC_STRINGS = YES;
				SWIFT_VERSION = 5.0;
				TARGETED_DEVICE_FAMILY = "1,2";
			};
			name = Debug;
		};
		57F0618B27F9DD9F007F76F9 /* Release */ = {
			isa = XCBuildConfiguration;
			buildSettings = {
				ASSETCATALOG_COMPILER_APPICON_NAME = AppIcon;
				ASSETCATALOG_COMPILER_GLOBAL_ACCENT_COLOR_NAME = AccentColor;
				CODE_SIGN_STYLE = Automatic;
				CURRENT_PROJECT_VERSION = 1;
				DEVELOPMENT_ASSET_PATHS = "\"Swift-SwiftUI-Test/Preview Content\"";
				DEVELOPMENT_TEAM = Z25H7B85Z8;
				ENABLE_PREVIEWS = YES;
				GENERATE_INFOPLIST_FILE = YES;
				INFOPLIST_KEY_UIApplicationSceneManifest_Generation = YES;
				INFOPLIST_KEY_UIApplicationSupportsIndirectInputEvents = YES;
				INFOPLIST_KEY_UILaunchScreen_Generation = YES;
				INFOPLIST_KEY_UISupportedInterfaceOrientations_iPad = "UIInterfaceOrientationPortrait UIInterfaceOrientationPortraitUpsideDown UIInterfaceOrientationLandscapeLeft UIInterfaceOrientationLandscapeRight";
				INFOPLIST_KEY_UISupportedInterfaceOrientations_iPhone = "UIInterfaceOrientationPortrait UIInterfaceOrientationLandscapeLeft UIInterfaceOrientationLandscapeRight";
				LD_RUNPATH_SEARCH_PATHS = (
					"$(inherited)",
					"@executable_path/Frameworks",
				);
				MARKETING_VERSION = 1.0;
				PRODUCT_BUNDLE_IDENTIFIER = "com.rich.Swift-SwiftUI-Test";
				PRODUCT_NAME = "$(TARGET_NAME)";
				SWIFT_EMIT_LOC_STRINGS = YES;
				SWIFT_VERSION = 5.0;
				TARGETED_DEVICE_FAMILY = "1,2";
			};
			name = Release;
		};
		57F0618D27F9DD9F007F76F9 /* Debug */ = {
			isa = XCBuildConfiguration;
			buildSettings = {
				ALWAYS_EMBED_SWIFT_STANDARD_LIBRARIES = YES;
				BUNDLE_LOADER = "$(TEST_HOST)";
				CODE_SIGN_STYLE = Automatic;
				CURRENT_PROJECT_VERSION = 1;
				DEVELOPMENT_TEAM = Z25H7B85Z8;
				GENERATE_INFOPLIST_FILE = YES;
				IPHONEOS_DEPLOYMENT_TARGET = 15.4;
				MARKETING_VERSION = 1.0;
				PRODUCT_BUNDLE_IDENTIFIER = "com.rich.Swift-SwiftUI-TestTests";
				PRODUCT_NAME = "$(TARGET_NAME)";
				SWIFT_EMIT_LOC_STRINGS = NO;
				SWIFT_VERSION = 5.0;
				TARGETED_DEVICE_FAMILY = "1,2";
				TEST_HOST = "$(BUILT_PRODUCTS_DIR)/Swift-SwiftUI-Test.app/Swift-SwiftUI-Test";
			};
			name = Debug;
		};
		57F0618E27F9DD9F007F76F9 /* Release */ = {
			isa = XCBuildConfiguration;
			buildSettings = {
				ALWAYS_EMBED_SWIFT_STANDARD_LIBRARIES = YES;
				BUNDLE_LOADER = "$(TEST_HOST)";
				CODE_SIGN_STYLE = Automatic;
				CURRENT_PROJECT_VERSION = 1;
				DEVELOPMENT_TEAM = Z25H7B85Z8;
				GENERATE_INFOPLIST_FILE = YES;
				IPHONEOS_DEPLOYMENT_TARGET = 15.4;
				MARKETING_VERSION = 1.0;
				PRODUCT_BUNDLE_IDENTIFIER = "com.rich.Swift-SwiftUI-TestTests";
				PRODUCT_NAME = "$(TARGET_NAME)";
				SWIFT_EMIT_LOC_STRINGS = NO;
				SWIFT_VERSION = 5.0;
				TARGETED_DEVICE_FAMILY = "1,2";
				TEST_HOST = "$(BUILT_PRODUCTS_DIR)/Swift-SwiftUI-Test.app/Swift-SwiftUI-Test";
			};
			name = Release;
		};
		57F0619027F9DD9F007F76F9 /* Debug */ = {
			isa = XCBuildConfiguration;
			buildSettings = {
				ALWAYS_EMBED_SWIFT_STANDARD_LIBRARIES = YES;
				CODE_SIGN_STYLE = Automatic;
				CURRENT_PROJECT_VERSION = 1;
				DEVELOPMENT_TEAM = Z25H7B85Z8;
				GENERATE_INFOPLIST_FILE = YES;
				MARKETING_VERSION = 1.0;
				PRODUCT_BUNDLE_IDENTIFIER = "com.rich.Swift-SwiftUI-TestUITests";
				PRODUCT_NAME = "$(TARGET_NAME)";
				SWIFT_EMIT_LOC_STRINGS = NO;
				SWIFT_VERSION = 5.0;
				TARGETED_DEVICE_FAMILY = "1,2";
				TEST_TARGET_NAME = "Swift-SwiftUI-Test";
			};
			name = Debug;
		};
		57F0619127F9DD9F007F76F9 /* Release */ = {
			isa = XCBuildConfiguration;
			buildSettings = {
				ALWAYS_EMBED_SWIFT_STANDARD_LIBRARIES = YES;
				CODE_SIGN_STYLE = Automatic;
				CURRENT_PROJECT_VERSION = 1;
				DEVELOPMENT_TEAM = Z25H7B85Z8;
				GENERATE_INFOPLIST_FILE = YES;
				MARKETING_VERSION = 1.0;
				PRODUCT_BUNDLE_IDENTIFIER = "com.rich.Swift-SwiftUI-TestUITests";
				PRODUCT_NAME = "$(TARGET_NAME)";
				SWIFT_EMIT_LOC_STRINGS = NO;
				SWIFT_VERSION = 5.0;
				TARGETED_DEVICE_FAMILY = "1,2";
				TEST_TARGET_NAME = "Swift-SwiftUI-Test";
			};
			name = Release;
		};
/* End XCBuildConfiguration section */

/* Begin XCConfigurationList section */
		57F0616027F9DD9E007F76F9 /* Build configuration list for PBXProject "Swift-SwiftUI-Test" */ = {
			isa = XCConfigurationList;
			buildConfigurations = (
				57F0618727F9DD9F007F76F9 /* Debug */,
				57F0618827F9DD9F007F76F9 /* Release */,
			);
			defaultConfigurationIsVisible = 0;
			defaultConfigurationName = Release;
		};
		57F0618927F9DD9F007F76F9 /* Build configuration list for PBXNativeTarget "Swift-SwiftUI-Test" */ = {
			isa = XCConfigurationList;
			buildConfigurations = (
				57F0618A27F9DD9F007F76F9 /* Debug */,
				57F0618B27F9DD9F007F76F9 /* Release */,
			);
			defaultConfigurationIsVisible = 0;
			defaultConfigurationName = Release;
		};
		57F0618C27F9DD9F007F76F9 /* Build configuration list for PBXNativeTarget "Swift-SwiftUI-TestTests" */ = {
			isa = XCConfigurationList;
			buildConfigurations = (
				57F0618D27F9DD9F007F76F9 /* Debug */,
				57F0618E27F9DD9F007F76F9 /* Release */,
			);
			defaultConfigurationIsVisible = 0;
			defaultConfigurationName = Release;
		};
		57F0618F27F9DD9F007F76F9 /* Build configuration list for PBXNativeTarget "Swift-SwiftUI-TestUITests" */ = {
			isa = XCConfigurationList;
			buildConfigurations = (
				57F0619027F9DD9F007F76F9 /* Debug */,
				57F0619127F9DD9F007F76F9 /* Release */,
			);
			defaultConfigurationIsVisible = 0;
			defaultConfigurationName = Release;
		};
/* End XCConfigurationList section */
	};
	rootObject = 57F0615D27F9DD9E007F76F9 /* Project object */;
}
